// !$*UTF8*$!
{
	archiveVersion = 1;
	classes = {
	};
	objectVersion = 50;
	objects = {

/* Begin PBXBuildFile section */
		D90026F625B48CC400E36FB2 /* AppDelegate.swift in Sources */ = {isa = PBXBuildFile; fileRef = D90026F525B48CC400E36FB2 /* AppDelegate.swift */; };
		D90026F825B48CC400E36FB2 /* SceneDelegate.swift in Sources */ = {isa = PBXBuildFile; fileRef = D90026F725B48CC400E36FB2 /* SceneDelegate.swift */; };
		D90026FA25B48CC400E36FB2 /* ViewController.swift in Sources */ = {isa = PBXBuildFile; fileRef = D90026F925B48CC400E36FB2 /* ViewController.swift */; };
		D90026FD25B48CC400E36FB2 /* Main.storyboard in Resources */ = {isa = PBXBuildFile; fileRef = D90026FB25B48CC400E36FB2 /* Main.storyboard */; };
		D900270025B48CC400E36FB2 /* Qbix3.xcdatamodeld in Sources */ = {isa = PBXBuildFile; fileRef = D90026FE25B48CC400E36FB2 /* Qbix3.xcdatamodeld */; };
		D900270225B48CC600E36FB2 /* Assets.xcassets in Resources */ = {isa = PBXBuildFile; fileRef = D900270125B48CC600E36FB2 /* Assets.xcassets */; };
		D900270525B48CC600E36FB2 /* LaunchScreen.storyboard in Resources */ = {isa = PBXBuildFile; fileRef = D900270325B48CC600E36FB2 /* LaunchScreen.storyboard */; };
		D900271425B48D3600E36FB2 /* Box.swift in Sources */ = {isa = PBXBuildFile; fileRef = D900271325B48D3600E36FB2 /* Box.swift */; };
		D900271825B48D8B00E36FB2 /* K.swift in Sources */ = {isa = PBXBuildFile; fileRef = D900271725B48D8B00E36FB2 /* K.swift */; };
		D900271B25B48DD800E36FB2 /* Board.swift in Sources */ = {isa = PBXBuildFile; fileRef = D900271A25B48DD800E36FB2 /* Board.swift */; };
		D900271E25B48E2100E36FB2 /* BoardInitializer.swift in Sources */ = {isa = PBXBuildFile; fileRef = D900271D25B48E2100E36FB2 /* BoardInitializer.swift */; };
		D900272125B4D15700E36FB2 /* Attributes.swift in Sources */ = {isa = PBXBuildFile; fileRef = D900272025B4D15700E36FB2 /* Attributes.swift */; };
		D900272425B4D1CA00E36FB2 /* Modifiers.swift in Sources */ = {isa = PBXBuildFile; fileRef = D900272325B4D1CA00E36FB2 /* Modifiers.swift */; };
/* End PBXBuildFile section */

/* Begin PBXFileReference section */
		D90026F225B48CC400E36FB2 /* Qbix3.app */ = {isa = PBXFileReference; explicitFileType = wrapper.application; includeInIndex = 0; path = Qbix3.app; sourceTree = BUILT_PRODUCTS_DIR; };
		D90026F525B48CC400E36FB2 /* AppDelegate.swift */ = {isa = PBXFileReference; lastKnownFileType = sourcecode.swift; path = AppDelegate.swift; sourceTree = "<group>"; };
		D90026F725B48CC400E36FB2 /* SceneDelegate.swift */ = {isa = PBXFileReference; lastKnownFileType = sourcecode.swift; path = SceneDelegate.swift; sourceTree = "<group>"; };
		D90026F925B48CC400E36FB2 /* ViewController.swift */ = {isa = PBXFileReference; lastKnownFileType = sourcecode.swift; path = ViewController.swift; sourceTree = "<group>"; };
		D90026FC25B48CC400E36FB2 /* Base */ = {isa = PBXFileReference; lastKnownFileType = file.storyboard; name = Base; path = Base.lproj/Main.storyboard; sourceTree = "<group>"; };
		D90026FF25B48CC400E36FB2 /* Qbix3.xcdatamodel */ = {isa = PBXFileReference; lastKnownFileType = wrapper.xcdatamodel; path = Qbix3.xcdatamodel; sourceTree = "<group>"; };
		D900270125B48CC600E36FB2 /* Assets.xcassets */ = {isa = PBXFileReference; lastKnownFileType = folder.assetcatalog; path = Assets.xcassets; sourceTree = "<group>"; };
		D900270425B48CC600E36FB2 /* Base */ = {isa = PBXFileReference; lastKnownFileType = file.storyboard; name = Base; path = Base.lproj/LaunchScreen.storyboard; sourceTree = "<group>"; };
		D900270625B48CC600E36FB2 /* Info.plist */ = {isa = PBXFileReference; lastKnownFileType = text.plist.xml; path = Info.plist; sourceTree = "<group>"; };
		D900271325B48D3600E36FB2 /* Box.swift */ = {isa = PBXFileReference; lastKnownFileType = sourcecode.swift; path = Box.swift; sourceTree = "<group>"; };
		D900271725B48D8B00E36FB2 /* K.swift */ = {isa = PBXFileReference; lastKnownFileType = sourcecode.swift; path = K.swift; sourceTree = "<group>"; };
		D900271A25B48DD800E36FB2 /* Board.swift */ = {isa = PBXFileReference; lastKnownFileType = sourcecode.swift; path = Board.swift; sourceTree = "<group>"; };
		D900271D25B48E2100E36FB2 /* BoardInitializer.swift */ = {isa = PBXFileReference; lastKnownFileType = sourcecode.swift; path = BoardInitializer.swift; sourceTree = "<group>"; };
		D900272025B4D15700E36FB2 /* Attributes.swift */ = {isa = PBXFileReference; lastKnownFileType = sourcecode.swift; path = Attributes.swift; sourceTree = "<group>"; };
		D900272325B4D1CA00E36FB2 /* Modifiers.swift */ = {isa = PBXFileReference; lastKnownFileType = sourcecode.swift; path = Modifiers.swift; sourceTree = "<group>"; };
/* End PBXFileReference section */

/* Begin PBXFrameworksBuildPhase section */
		D90026EF25B48CC400E36FB2 /* Frameworks */ = {
			isa = PBXFrameworksBuildPhase;
			buildActionMask = 2147483647;
			files = (
			);
			runOnlyForDeploymentPostprocessing = 0;
		};
/* End PBXFrameworksBuildPhase section */

/* Begin PBXGroup section */
		D90026E925B48CC400E36FB2 = {
			isa = PBXGroup;
			children = (
				D90026F425B48CC400E36FB2 /* Qbix3 */,
				D90026F325B48CC400E36FB2 /* Products */,
			);
			sourceTree = "<group>";
		};
		D90026F325B48CC400E36FB2 /* Products */ = {
			isa = PBXGroup;
			children = (
				D90026F225B48CC400E36FB2 /* Qbix3.app */,
			);
			name = Products;
			sourceTree = "<group>";
		};
		D90026F425B48CC400E36FB2 /* Qbix3 */ = {
			isa = PBXGroup;
			children = (
				D900271225B48D1700E36FB2 /* DataModel */,
				D900271125B48CF900E36FB2 /* Others */,
				D900271025B48CF100E36FB2 /* Objects */,
				D900270F25B48CE100E36FB2 /* View */,
				D900270E25B48CD900E36FB2 /* Model */,
				D900270D25B48CD000E36FB2 /* Controller */,
				D900270125B48CC600E36FB2 /* Assets.xcassets */,
				D900270625B48CC600E36FB2 /* Info.plist */,
				D900271725B48D8B00E36FB2 /* K.swift */,
			);
			path = Qbix3;
			sourceTree = "<group>";
		};
		D900270D25B48CD000E36FB2 /* Controller */ = {
			isa = PBXGroup;
			children = (
				D90026F925B48CC400E36FB2 /* ViewController.swift */,
			);
			path = Controller;
			sourceTree = "<group>";
		};
		D900270E25B48CD900E36FB2 /* Model */ = {
			isa = PBXGroup;
			children = (
				D900271D25B48E2100E36FB2 /* BoardInitializer.swift */,
			);
			path = Model;
			sourceTree = "<group>";
		};
		D900270F25B48CE100E36FB2 /* View */ = {
			isa = PBXGroup;
			children = (
				D90026FB25B48CC400E36FB2 /* Main.storyboard */,
				D900270325B48CC600E36FB2 /* LaunchScreen.storyboard */,
			);
			path = View;
			sourceTree = "<group>";
		};
		D900271025B48CF100E36FB2 /* Objects */ = {
			isa = PBXGroup;
			children = (
				D900271325B48D3600E36FB2 /* Box.swift */,
				D900271A25B48DD800E36FB2 /* Board.swift */,
				D900272025B4D15700E36FB2 /* Attributes.swift */,
				D900272325B4D1CA00E36FB2 /* Modifiers.swift */,
			);
			path = Objects;
			sourceTree = "<group>";
		};
		D900271125B48CF900E36FB2 /* Others */ = {
			isa = PBXGroup;
			children = (
				D90026F525B48CC400E36FB2 /* AppDelegate.swift */,
				D90026F725B48CC400E36FB2 /* SceneDelegate.swift */,
			);
			path = Others;
			sourceTree = "<group>";
		};
		D900271225B48D1700E36FB2 /* DataModel */ = {
			isa = PBXGroup;
			children = (
				D90026FE25B48CC400E36FB2 /* Qbix3.xcdatamodeld */,
			);
			path = DataModel;
			sourceTree = "<group>";
		};
/* End PBXGroup section */

/* Begin PBXNativeTarget section */
		D90026F125B48CC400E36FB2 /* Qbix3 */ = {
			isa = PBXNativeTarget;
			buildConfigurationList = D900270925B48CC600E36FB2 /* Build configuration list for PBXNativeTarget "Qbix3" */;
			buildPhases = (
				D90026EE25B48CC400E36FB2 /* Sources */,
				D90026EF25B48CC400E36FB2 /* Frameworks */,
				D90026F025B48CC400E36FB2 /* Resources */,
			);
			buildRules = (
			);
			dependencies = (
			);
			name = Qbix3;
			productName = Qbix3;
			productReference = D90026F225B48CC400E36FB2 /* Qbix3.app */;
			productType = "com.apple.product-type.application";
		};
/* End PBXNativeTarget section */

/* Begin PBXProject section */
		D90026EA25B48CC400E36FB2 /* Project object */ = {
			isa = PBXProject;
			attributes = {
				LastSwiftUpdateCheck = 1230;
				LastUpgradeCheck = 1230;
				TargetAttributes = {
					D90026F125B48CC400E36FB2 = {
						CreatedOnToolsVersion = 12.3;
					};
				};
			};
			buildConfigurationList = D90026ED25B48CC400E36FB2 /* Build configuration list for PBXProject "Qbix3" */;
			compatibilityVersion = "Xcode 9.3";
			developmentRegion = en;
			hasScannedForEncodings = 0;
			knownRegions = (
				en,
				Base,
			);
			mainGroup = D90026E925B48CC400E36FB2;
			productRefGroup = D90026F325B48CC400E36FB2 /* Products */;
			projectDirPath = "";
			projectRoot = "";
			targets = (
				D90026F125B48CC400E36FB2 /* Qbix3 */,
			);
		};
/* End PBXProject section */

/* Begin PBXResourcesBuildPhase section */
		D90026F025B48CC400E36FB2 /* Resources */ = {
			isa = PBXResourcesBuildPhase;
			buildActionMask = 2147483647;
			files = (
				D900270525B48CC600E36FB2 /* LaunchScreen.storyboard in Resources */,
				D900270225B48CC600E36FB2 /* Assets.xcassets in Resources */,
				D90026FD25B48CC400E36FB2 /* Main.storyboard in Resources */,
			);
			runOnlyForDeploymentPostprocessing = 0;
		};
/* End PBXResourcesBuildPhase section */

/* Begin PBXSourcesBuildPhase section */
		D90026EE25B48CC400E36FB2 /* Sources */ = {
			isa = PBXSourcesBuildPhase;
			buildActionMask = 2147483647;
			files = (
				D90026FA25B48CC400E36FB2 /* ViewController.swift in Sources */,
				D900270025B48CC400E36FB2 /* Qbix3.xcdatamodeld in Sources */,
				D90026F625B48CC400E36FB2 /* AppDelegate.swift in Sources */,
				D900271825B48D8B00E36FB2 /* K.swift in Sources */,
				D900272425B4D1CA00E36FB2 /* Modifiers.swift in Sources */,
				D900271B25B48DD800E36FB2 /* Board.swift in Sources */,
				D90026F825B48CC400E36FB2 /* SceneDelegate.swift in Sources */,
				D900271425B48D3600E36FB2 /* Box.swift in Sources */,
				D900272125B4D15700E36FB2 /* Attributes.swift in Sources */,
				D900271E25B48E2100E36FB2 /* BoardInitializer.swift in Sources */,
			);
			runOnlyForDeploymentPostprocessing = 0;
		};
/* End PBXSourcesBuildPhase section */

/* Begin PBXVariantGroup section */
		D90026FB25B48CC400E36FB2 /* Main.storyboard */ = {
			isa = PBXVariantGroup;
			children = (
				D90026FC25B48CC400E36FB2 /* Base */,
			);
			name = Main.storyboard;
			sourceTree = "<group>";
		};
		D900270325B48CC600E36FB2 /* LaunchScreen.storyboard */ = {
			isa = PBXVariantGroup;
			children = (
				D900270425B48CC600E36FB2 /* Base */,
			);
			name = LaunchScreen.storyboard;
			sourceTree = "<group>";
		};
/* End PBXVariantGroup section */

/* Begin XCBuildConfiguration section */
		D900270725B48CC600E36FB2 /* Debug */ = {
			isa = XCBuildConfiguration;
			buildSettings = {
				ALWAYS_SEARCH_USER_PATHS = NO;
				CLANG_ANALYZER_NONNULL = YES;
				CLANG_ANALYZER_NUMBER_OBJECT_CONVERSION = YES_AGGRESSIVE;
				CLANG_CXX_LANGUAGE_STANDARD = "gnu++14";
				CLANG_CXX_LIBRARY = "libc++";
				CLANG_ENABLE_MODULES = YES;
				CLANG_ENABLE_OBJC_ARC = YES;
				CLANG_ENABLE_OBJC_WEAK = YES;
				CLANG_WARN_BLOCK_CAPTURE_AUTORELEASING = YES;
				CLANG_WARN_BOOL_CONVERSION = YES;
				CLANG_WARN_COMMA = YES;
				CLANG_WARN_CONSTANT_CONVERSION = YES;
				CLANG_WARN_DEPRECATED_OBJC_IMPLEMENTATIONS = YES;
				CLANG_WARN_DIRECT_OBJC_ISA_USAGE = YES_ERROR;
				CLANG_WARN_DOCUMENTATION_COMMENTS = YES;
				CLANG_WARN_EMPTY_BODY = YES;
				CLANG_WARN_ENUM_CONVERSION = YES;
				CLANG_WARN_INFINITE_RECURSION = YES;
				CLANG_WARN_INT_CONVERSION = YES;
				CLANG_WARN_NON_LITERAL_NULL_CONVERSION = YES;
				CLANG_WARN_OBJC_IMPLICIT_RETAIN_SELF = YES;
				CLANG_WARN_OBJC_LITERAL_CONVERSION = YES;
				CLANG_WARN_OBJC_ROOT_CLASS = YES_ERROR;
				CLANG_WARN_QUOTED_INCLUDE_IN_FRAMEWORK_HEADER = YES;
				CLANG_WARN_RANGE_LOOP_ANALYSIS = YES;
				CLANG_WARN_STRICT_PROTOTYPES = YES;
				CLANG_WARN_SUSPICIOUS_MOVE = YES;
				CLANG_WARN_UNGUARDED_AVAILABILITY = YES_AGGRESSIVE;
				CLANG_WARN_UNREACHABLE_CODE = YES;
				CLANG_WARN__DUPLICATE_METHOD_MATCH = YES;
				COPY_PHASE_STRIP = NO;
				DEBUG_INFORMATION_FORMAT = dwarf;
				ENABLE_STRICT_OBJC_MSGSEND = YES;
				ENABLE_TESTABILITY = YES;
				GCC_C_LANGUAGE_STANDARD = gnu11;
				GCC_DYNAMIC_NO_PIC = NO;
				GCC_NO_COMMON_BLOCKS = YES;
				GCC_OPTIMIZATION_LEVEL = 0;
				GCC_PREPROCESSOR_DEFINITIONS = (
					"DEBUG=1",
					"$(inherited)",
				);
				GCC_WARN_64_TO_32_BIT_CONVERSION = YES;
				GCC_WARN_ABOUT_RETURN_TYPE = YES_ERROR;
				GCC_WARN_UNDECLARED_SELECTOR = YES;
				GCC_WARN_UNINITIALIZED_AUTOS = YES_AGGRESSIVE;
				GCC_WARN_UNUSED_FUNCTION = YES;
				GCC_WARN_UNUSED_VARIABLE = YES;
				IPHONEOS_DEPLOYMENT_TARGET = 14.3;
				MTL_ENABLE_DEBUG_INFO = INCLUDE_SOURCE;
				MTL_FAST_MATH = YES;
				ONLY_ACTIVE_ARCH = YES;
				SDKROOT = iphoneos;
				SWIFT_ACTIVE_COMPILATION_CONDITIONS = DEBUG;
				SWIFT_OPTIMIZATION_LEVEL = "-Onone";
			};
			name = Debug;
		};
		D900270825B48CC600E36FB2 /* Release */ = {
			isa = XCBuildConfiguration;
			buildSettings = {
				ALWAYS_SEARCH_USER_PATHS = NO;
				CLANG_ANALYZER_NONNULL = YES;
				CLANG_ANALYZER_NUMBER_OBJECT_CONVERSION = YES_AGGRESSIVE;
				CLANG_CXX_LANGUAGE_STANDARD = "gnu++14";
				CLANG_CXX_LIBRARY = "libc++";
				CLANG_ENABLE_MODULES = YES;
				CLANG_ENABLE_OBJC_ARC = YES;
				CLANG_ENABLE_OBJC_WEAK = YES;
				CLANG_WARN_BLOCK_CAPTURE_AUTORELEASING = YES;
				CLANG_WARN_BOOL_CONVERSION = YES;
				CLANG_WARN_COMMA = YES;
				CLANG_WARN_CONSTANT_CONVERSION = YES;
				CLANG_WARN_DEPRECATED_OBJC_IMPLEMENTATIONS = YES;
				CLANG_WARN_DIRECT_OBJC_ISA_USAGE = YES_ERROR;
				CLANG_WARN_DOCUMENTATION_COMMENTS = YES;
				CLANG_WARN_EMPTY_BODY = YES;
				CLANG_WARN_ENUM_CONVERSION = YES;
				CLANG_WARN_INFINITE_RECURSION = YES;
				CLANG_WARN_INT_CONVERSION = YES;
				CLANG_WARN_NON_LITERAL_NULL_CONVERSION = YES;
				CLANG_WARN_OBJC_IMPLICIT_RETAIN_SELF = YES;
				CLANG_WARN_OBJC_LITERAL_CONVERSION = YES;
				CLANG_WARN_OBJC_ROOT_CLASS = YES_ERROR;
				CLANG_WARN_QUOTED_INCLUDE_IN_FRAMEWORK_HEADER = YES;
				CLANG_WARN_RANGE_LOOP_ANALYSIS = YES;
				CLANG_WARN_STRICT_PROTOTYPES = YES;
				CLANG_WARN_SUSPICIOUS_MOVE = YES;
				CLANG_WARN_UNGUARDED_AVAILABILITY = YES_AGGRESSIVE;
				CLANG_WARN_UNREACHABLE_CODE = YES;
				CLANG_WARN__DUPLICATE_METHOD_MATCH = YES;
				COPY_PHASE_STRIP = NO;
				DEBUG_INFORMATION_FORMAT = "dwarf-with-dsym";
				ENABLE_NS_ASSERTIONS = NO;
				ENABLE_STRICT_OBJC_MSGSEND = YES;
				GCC_C_LANGUAGE_STANDARD = gnu11;
				GCC_NO_COMMON_BLOCKS = YES;
				GCC_WARN_64_TO_32_BIT_CONVERSION = YES;
				GCC_WARN_ABOUT_RETURN_TYPE = YES_ERROR;
				GCC_WARN_UNDECLARED_SELECTOR = YES;
				GCC_WARN_UNINITIALIZED_AUTOS = YES_AGGRESSIVE;
				GCC_WARN_UNUSED_FUNCTION = YES;
				GCC_WARN_UNUSED_VARIABLE = YES;
				IPHONEOS_DEPLOYMENT_TARGET = 14.3;
				MTL_ENABLE_DEBUG_INFO = NO;
				MTL_FAST_MATH = YES;
				SDKROOT = iphoneos;
				SWIFT_COMPILATION_MODE = wholemodule;
				SWIFT_OPTIMIZATION_LEVEL = "-O";
				VALIDATE_PRODUCT = YES;
			};
			name = Release;
		};
		D900270A25B48CC600E36FB2 /* Debug */ = {
			isa = XCBuildConfiguration;
			buildSettings = {
				ASSETCATALOG_COMPILER_APPICON_NAME = AppIcon;
				ASSETCATALOG_COMPILER_GLOBAL_ACCENT_COLOR_NAME = AccentColor;
				CODE_SIGN_STYLE = Automatic;
				DEVELOPMENT_TEAM = HMLB4UKN32;
				INFOPLIST_FILE = Qbix3/Info.plist;
				LD_RUNPATH_SEARCH_PATHS = (
					"$(inherited)",
					"@executable_path/Frameworks",
				);
				PRODUCT_BUNDLE_IDENTIFIER = com.appMill.Qbix3;
				PRODUCT_NAME = "$(TARGET_NAME)";
				SWIFT_VERSION = 5.0;
				TARGETED_DEVICE_FAMILY = "1,2";
			};
			name = Debug;
		};
		D900270B25B48CC600E36FB2 /* Release */ = {
			isa = XCBuildConfiguration;
			buildSettings = {
				ASSETCATALOG_COMPILER_APPICON_NAME = AppIcon;
				ASSETCATALOG_COMPILER_GLOBAL_ACCENT_COLOR_NAME = AccentColor;
				CODE_SIGN_STYLE = Automatic;
				DEVELOPMENT_TEAM = HMLB4UKN32;
				INFOPLIST_FILE = Qbix3/Info.plist;
				LD_RUNPATH_SEARCH_PATHS = (
					"$(inherited)",
					"@executable_path/Frameworks",
				);
				PRODUCT_BUNDLE_IDENTIFIER = com.appMill.Qbix3;
				PRODUCT_NAME = "$(TARGET_NAME)";
				SWIFT_VERSION = 5.0;
				TARGETED_DEVICE_FAMILY = "1,2";
			};
			name = Release;
		};
/* End XCBuildConfiguration section */

/* Begin XCConfigurationList section */
		D90026ED25B48CC400E36FB2 /* Build configuration list for PBXProject "Qbix3" */ = {
			isa = XCConfigurationList;
			buildConfigurations = (
				D900270725B48CC600E36FB2 /* Debug */,
				D900270825B48CC600E36FB2 /* Release */,
			);
			defaultConfigurationIsVisible = 0;
			defaultConfigurationName = Release;
		};
		D900270925B48CC600E36FB2 /* Build configuration list for PBXNativeTarget "Qbix3" */ = {
			isa = XCConfigurationList;
			buildConfigurations = (
				D900270A25B48CC600E36FB2 /* Debug */,
				D900270B25B48CC600E36FB2 /* Release */,
			);
			defaultConfigurationIsVisible = 0;
			defaultConfigurationName = Release;
		};
/* End XCConfigurationList section */

/* Begin XCVersionGroup section */
		D90026FE25B48CC400E36FB2 /* Qbix3.xcdatamodeld */ = {
			isa = XCVersionGroup;
			children = (
				D90026FF25B48CC400E36FB2 /* Qbix3.xcdatamodel */,
			);
			currentVersion = D90026FF25B48CC400E36FB2 /* Qbix3.xcdatamodel */;
			path = Qbix3.xcdatamodeld;
			sourceTree = "<group>";
			versionGroupType = wrapper.xcdatamodel;
		};
/* End XCVersionGroup section */
	};
	rootObject = D90026EA25B48CC400E36FB2 /* Project object */;
}
